
Microsoft Visual Studio Solution File, Format Version 12.00
# Visual Studio Version 16
VisualStudioVersion = 16.0.31515.178
MinimumVisualStudioVersion = 10.0.40219.1
Project("{888888A0-9F3D-457C-B088-3A5042F75D52}") = "Course Project - Part 2", "Course Project - Part 2.pyproj", "{67B93194-EF38-4BAE-A6CF-A9D106C4B502}"
EndProject
Global
	GlobalSection(SolutionConfigurationPlatforms) = preSolution
		Debug|Any CPU = Debug|Any CPU
		Release|Any CPU = Release|Any CPU
	EndGlobalSection
	GlobalSection(ProjectConfigurationPlatforms) = postSolution
		{67B93194-EF38-4BAE-A6CF-A9D106C4B502}.Debug|Any CPU.ActiveCfg = Debug|Any CPU
		{67B93194-EF38-4BAE-A6CF-A9D106C4B502}.Release|Any CPU.ActiveCfg = Release|Any CPU
	EndGlobalSection
	GlobalSection(SolutionProperties) = preSolution
		HideSolutionNode = FALSE
	EndGlobalSection
	GlobalSection(ExtensibilityGlobals) = postSolution
		SolutionGuid = {A9B26869-16C5-4B46-AEC8-8C17424965F9}
	EndGlobalSection
EndGlobal
